
Microsoft Visual Studio Solution File, Format Version 12.00
# Visual Studio 15
VisualStudioVersion = 15.0.28010.2026
MinimumVisualStudioVersion = 10.0.40219.1
Project("{FAE04EC0-301F-11D3-BF4B-00C04F79EFBC}") = "Sales.Android", "Sales\Sales.Android\Sales.Android.csproj", "{471B4B16-24E4-4BFF-B846-67FB4D9F72A8}"
EndProject
Project("{FAE04EC0-301F-11D3-BF4B-00C04F79EFBC}") = "Sales.iOS", "Sales\Sales.iOS\Sales.iOS.csproj", "{5F9B04BF-ABB0-44CA-9C43-A589B05E8B08}"
EndProject
Project("{FAE04EC0-301F-11D3-BF4B-00C04F79EFBC}") = "Sales", "Sales\Sales\Sales.csproj", "{3731B333-3C85-4F32-8EE9-A07EABE20543}"
EndProject
Project("{FAE04EC0-301F-11D3-BF4B-00C04F79EFBC}") = "Sales.Backend", "Sales.Backend\Sales.Backend.csproj", "{AEE7B464-C7BB-46EC-8E0A-8F66F23B4C9D}"
EndProject
Project("{FAE04EC0-301F-11D3-BF4B-00C04F79EFBC}") = "Sales.API", "Sales.API\Sales.API.csproj", "{71D23BB9-8226-4106-8F5D-7650BE69FCCF}"
EndProject
Project("{FAE04EC0-301F-11D3-BF4B-00C04F79EFBC}") = "Sales.Common", "Sales.Common\Sales.Common.csproj", "{D9A19650-F03C-460A-9F57-5B609AEFF669}"
EndProject
Project("{FAE04EC0-301F-11D3-BF4B-00C04F79EFBC}") = "Sales.Domain", "Sales.Domain\Sales.Domain.csproj", "{FA31832E-FD85-460A-9967-0B0ABA73B318}"
EndProject
Global
	GlobalSection(SolutionConfigurationPlatforms) = preSolution
		Ad-Hoc|Any CPU = Ad-Hoc|Any CPU
		Ad-Hoc|iPhone = Ad-Hoc|iPhone
		Ad-Hoc|iPhoneSimulator = Ad-Hoc|iPhoneSimulator
		AppStore|Any CPU = AppStore|Any CPU
		AppStore|iPhone = AppStore|iPhone
		AppStore|iPhoneSimulator = AppStore|iPhoneSimulator
		Debug|Any CPU = Debug|Any CPU
		Debug|iPhone = Debug|iPhone
		Debug|iPhoneSimulator = Debug|iPhoneSimulator
		Release|Any CPU = Release|Any CPU
		Release|iPhone = Release|iPhone
		Release|iPhoneSimulator = Release|iPhoneSimulator
	EndGlobalSection
	GlobalSection(ProjectConfigurationPlatforms) = postSolution
		{471B4B16-24E4-4BFF-B846-67FB4D9F72A8}.Ad-Hoc|Any CPU.ActiveCfg = Release|Any CPU
		{471B4B16-24E4-4BFF-B846-67FB4D9F72A8}.Ad-Hoc|Any CPU.Build.0 = Release|Any CPU
		{471B4B16-24E4-4BFF-B846-67FB4D9F72A8}.Ad-Hoc|Any CPU.Deploy.0 = Release|Any CPU
		{471B4B16-24E4-4BFF-B846-67FB4D9F72A8}.Ad-Hoc|iPhone.ActiveCfg = Release|Any CPU
		{471B4B16-24E4-4BFF-B846-67FB4D9F72A8}.Ad-Hoc|iPhone.Build.0 = Release|Any CPU
		{471B4B16-24E4-4BFF-B846-67FB4D9F72A8}.Ad-Hoc|iPhone.Deploy.0 = Release|Any CPU
		{471B4B16-24E4-4BFF-B846-67FB4D9F72A8}.Ad-Hoc|iPhoneSimulator.ActiveCfg = Release|Any CPU
		{471B4B16-24E4-4BFF-B846-67FB4D9F72A8}.Ad-Hoc|iPhoneSimulator.Build.0 = Release|Any CPU
		{471B4B16-24E4-4BFF-B846-67FB4D9F72A8}.Ad-Hoc|iPhoneSimulator.Deploy.0 = Release|Any CPU
		{471B4B16-24E4-4BFF-B846-67FB4D9F72A8}.AppStore|Any CPU.ActiveCfg = Release|Any CPU
		{471B4B16-24E4-4BFF-B846-67FB4D9F72A8}.AppStore|Any CPU.Build.0 = Release|Any CPU
		{471B4B16-24E4-4BFF-B846-67FB4D9F72A8}.AppStore|Any CPU.Deploy.0 = Release|Any CPU
		{471B4B16-24E4-4BFF-B846-67FB4D9F72A8}.AppStore|iPhone.ActiveCfg = Release|Any CPU
		{471B4B16-24E4-4BFF-B846-67FB4D9F72A8}.AppStore|iPhone.Build.0 = Release|Any CPU
		{471B4B16-24E4-4BFF-B846-67FB4D9F72A8}.AppStore|iPhone.Deploy.0 = Release|Any CPU
		{471B4B16-24E4-4BFF-B846-67FB4D9F72A8}.AppStore|iPhoneSimulator.ActiveCfg = Release|Any CPU
		{471B4B16-24E4-4BFF-B846-67FB4D9F72A8}.AppStore|iPhoneSimulator.Build.0 = Release|Any CPU
		{471B4B16-24E4-4BFF-B846-67FB4D9F72A8}.AppStore|iPhoneSimulator.Deploy.0 = Release|Any CPU
		{471B4B16-24E4-4BFF-B846-67FB4D9F72A8}.Debug|Any CPU.ActiveCfg = Debug|Any CPU
		{471B4B16-24E4-4BFF-B846-67FB4D9F72A8}.Debug|Any CPU.Build.0 = Debug|Any CPU
		{471B4B16-24E4-4BFF-B846-67FB4D9F72A8}.Debug|Any CPU.Deploy.0 = Debug|Any CPU
		{471B4B16-24E4-4BFF-B846-67FB4D9F72A8}.Debug|iPhone.ActiveCfg = Debug|Any CPU
		{471B4B16-24E4-4BFF-B846-67FB4D9F72A8}.Debug|iPhone.Build.0 = Debug|Any CPU
		{471B4B16-24E4-4BFF-B846-67FB4D9F72A8}.Debug|iPhone.Deploy.0 = Debug|Any CPU
		{471B4B16-24E4-4BFF-B846-67FB4D9F72A8}.Debug|iPhoneSimulator.ActiveCfg = Debug|Any CPU
		{471B4B16-24E4-4BFF-B846-67FB4D9F72A8}.Debug|iPhoneSimulator.Build.0 = Debug|Any CPU
		{471B4B16-24E4-4BFF-B846-67FB4D9F72A8}.Debug|iPhoneSimulator.Deploy.0 = Debug|Any CPU
		{471B4B16-24E4-4BFF-B846-67FB4D9F72A8}.Release|Any CPU.ActiveCfg = Release|Any CPU
		{471B4B16-24E4-4BFF-B846-67FB4D9F72A8}.Release|Any CPU.Build.0 = Release|Any CPU
		{471B4B16-24E4-4BFF-B846-67FB4D9F72A8}.Release|Any CPU.Deploy.0 = Release|Any CPU
		{471B4B16-24E4-4BFF-B846-67FB4D9F72A8}.Release|iPhone.ActiveCfg = Release|Any CPU
		{471B4B16-24E4-4BFF-B846-67FB4D9F72A8}.Release|iPhone.Build.0 = Release|Any CPU
		{471B4B16-24E4-4BFF-B846-67FB4D9F72A8}.Release|iPhone.Deploy.0 = Release|Any CPU
		{471B4B16-24E4-4BFF-B846-67FB4D9F72A8}.Release|iPhoneSimulator.ActiveCfg = Release|Any CPU
		{471B4B16-24E4-4BFF-B846-67FB4D9F72A8}.Release|iPhoneSimulator.Build.0 = Release|Any CPU
		{471B4B16-24E4-4BFF-B846-67FB4D9F72A8}.Release|iPhoneSimulator.Deploy.0 = Release|Any CPU
		{5F9B04BF-ABB0-44CA-9C43-A589B05E8B08}.Ad-Hoc|Any CPU.ActiveCfg = Ad-Hoc|iPhone
		{5F9B04BF-ABB0-44CA-9C43-A589B05E8B08}.Ad-Hoc|Any CPU.Build.0 = Ad-Hoc|iPhone
		{5F9B04BF-ABB0-44CA-9C43-A589B05E8B08}.Ad-Hoc|Any CPU.Deploy.0 = Ad-Hoc|iPhone
		{5F9B04BF-ABB0-44CA-9C43-A589B05E8B08}.Ad-Hoc|iPhone.ActiveCfg = Ad-Hoc|iPhone
		{5F9B04BF-ABB0-44CA-9C43-A589B05E8B08}.Ad-Hoc|iPhone.Build.0 = Ad-Hoc|iPhone
		{5F9B04BF-ABB0-44CA-9C43-A589B05E8B08}.Ad-Hoc|iPhone.Deploy.0 = Ad-Hoc|iPhone
		{5F9B04BF-ABB0-44CA-9C43-A589B05E8B08}.Ad-Hoc|iPhoneSimulator.ActiveCfg = Ad-Hoc|iPhoneSimulator
		{5F9B04BF-ABB0-44CA-9C43-A589B05E8B08}.Ad-Hoc|iPhoneSimulator.Build.0 = Ad-Hoc|iPhoneSimulator
		{5F9B04BF-ABB0-44CA-9C43-A589B05E8B08}.Ad-Hoc|iPhoneSimulator.Deploy.0 = Ad-Hoc|iPhoneSimulator
		{5F9B04BF-ABB0-44CA-9C43-A589B05E8B08}.AppStore|Any CPU.ActiveCfg = AppStore|iPhone
		{5F9B04BF-ABB0-44CA-9C43-A589B05E8B08}.AppStore|Any CPU.Build.0 = AppStore|iPhone
		{5F9B04BF-ABB0-44CA-9C43-A589B05E8B08}.AppStore|Any CPU.Deploy.0 = AppStore|iPhone
		{5F9B04BF-ABB0-44CA-9C43-A589B05E8B08}.AppStore|iPhone.ActiveCfg = AppStore|iPhone
		{5F9B04BF-ABB0-44CA-9C43-A589B05E8B08}.AppStore|iPhone.Build.0 = AppStore|iPhone
		{5F9B04BF-ABB0-44CA-9C43-A589B05E8B08}.AppStore|iPhone.Deploy.0 = AppStore|iPhone
		{5F9B04BF-ABB0-44CA-9C43-A589B05E8B08}.AppStore|iPhoneSimulator.ActiveCfg = AppStore|iPhoneSimulator
		{5F9B04BF-ABB0-44CA-9C43-A589B05E8B08}.AppStore|iPhoneSimulator.Build.0 = AppStore|iPhoneSimulator
		{5F9B04BF-ABB0-44CA-9C43-A589B05E8B08}.AppStore|iPhoneSimulator.Deploy.0 = AppStore|iPhoneSimulator
		{5F9B04BF-ABB0-44CA-9C43-A589B05E8B08}.Debug|Any CPU.ActiveCfg = Debug|iPhoneSimulator
		{5F9B04BF-ABB0-44CA-9C43-A589B05E8B08}.Debug|Any CPU.Build.0 = Debug|iPhoneSimulator
		{5F9B04BF-ABB0-44CA-9C43-A589B05E8B08}.Debug|Any CPU.Deploy.0 = Debug|iPhoneSimulator
		{5F9B04BF-ABB0-44CA-9C43-A589B05E8B08}.Debug|iPhone.ActiveCfg = Debug|iPhone
		{5F9B04BF-ABB0-44CA-9C43-A589B05E8B08}.Debug|iPhone.Build.0 = Debug|iPhone
		{5F9B04BF-ABB0-44CA-9C43-A589B05E8B08}.Debug|iPhone.Deploy.0 = Debug|iPhone
		{5F9B04BF-ABB0-44CA-9C43-A589B05E8B08}.Debug|iPhoneSimulator.ActiveCfg = Debug|iPhoneSimulator
		{5F9B04BF-ABB0-44CA-9C43-A589B05E8B08}.Debug|iPhoneSimulator.Build.0 = Debug|iPhoneSimulator
		{5F9B04BF-ABB0-44CA-9C43-A589B05E8B08}.Debug|iPhoneSimulator.Deploy.0 = Debug|iPhoneSimulator
		{5F9B04BF-ABB0-44CA-9C43-A589B05E8B08}.Release|Any CPU.ActiveCfg = Release|iPhone
		{5F9B04BF-ABB0-44CA-9C43-A589B05E8B08}.Release|Any CPU.Build.0 = Release|iPhone
		{5F9B04BF-ABB0-44CA-9C43-A589B05E8B08}.Release|Any CPU.Deploy.0 = Release|iPhone
		{5F9B04BF-ABB0-44CA-9C43-A589B05E8B08}.Release|iPhone.ActiveCfg = Release|iPhone
		{5F9B04BF-ABB0-44CA-9C43-A589B05E8B08}.Release|iPhone.Build.0 = Release|iPhone
		{5F9B04BF-ABB0-44CA-9C43-A589B05E8B08}.Release|iPhone.Deploy.0 = Release|iPhone
		{5F9B04BF-ABB0-44CA-9C43-A589B05E8B08}.Release|iPhoneSimulator.ActiveCfg = Release|iPhoneSimulator
		{5F9B04BF-ABB0-44CA-9C43-A589B05E8B08}.Release|iPhoneSimulator.Build.0 = Release|iPhoneSimulator
		{5F9B04BF-ABB0-44CA-9C43-A589B05E8B08}.Release|iPhoneSimulator.Deploy.0 = Release|iPhoneSimulator
		{3731B333-3C85-4F32-8EE9-A07EABE20543}.Ad-Hoc|Any CPU.ActiveCfg = Debug|Any CPU
		{3731B333-3C85-4F32-8EE9-A07EABE20543}.Ad-Hoc|Any CPU.Build.0 = Debug|Any CPU
		{3731B333-3C85-4F32-8EE9-A07EABE20543}.Ad-Hoc|Any CPU.Deploy.0 = Debug|Any CPU
		{3731B333-3C85-4F32-8EE9-A07EABE20543}.Ad-Hoc|iPhone.ActiveCfg = Debug|Any CPU
		{3731B333-3C85-4F32-8EE9-A07EABE20543}.Ad-Hoc|iPhone.Build.0 = Debug|Any CPU
		{3731B333-3C85-4F32-8EE9-A07EABE20543}.Ad-Hoc|iPhone.Deploy.0 = Debug|Any CPU
		{3731B333-3C85-4F32-8EE9-A07EABE20543}.Ad-Hoc|iPhoneSimulator.ActiveCfg = Debug|Any CPU
		{3731B333-3C85-4F32-8EE9-A07EABE20543}.Ad-Hoc|iPhoneSimulator.Build.0 = Debug|Any CPU
		{3731B333-3C85-4F32-8EE9-A07EABE20543}.Ad-Hoc|iPhoneSimulator.Deploy.0 = Debug|Any CPU
		{3731B333-3C85-4F32-8EE9-A07EABE20543}.AppStore|Any CPU.ActiveCfg = Debug|Any CPU
		{3731B333-3C85-4F32-8EE9-A07EABE20543}.AppStore|Any CPU.Build.0 = Debug|Any CPU
		{3731B333-3C85-4F32-8EE9-A07EABE20543}.AppStore|Any CPU.Deploy.0 = Debug|Any CPU
		{3731B333-3C85-4F32-8EE9-A07EABE20543}.AppStore|iPhone.ActiveCfg = Debug|Any CPU
		{3731B333-3C85-4F32-8EE9-A07EABE20543}.AppStore|iPhone.Build.0 = Debug|Any CPU
		{3731B333-3C85-4F32-8EE9-A07EABE20543}.AppStore|iPhone.Deploy.0 = Debug|Any CPU
		{3731B333-3C85-4F32-8EE9-A07EABE20543}.AppStore|iPhoneSimulator.ActiveCfg = Debug|Any CPU
		{3731B333-3C85-4F32-8EE9-A07EABE20543}.AppStore|iPhoneSimulator.Build.0 = Debug|Any CPU
		{3731B333-3C85-4F32-8EE9-A07EABE20543}.AppStore|iPhoneSimulator.Deploy.0 = Debug|Any CPU
		{3731B333-3C85-4F32-8EE9-A07EABE20543}.Debug|Any CPU.ActiveCfg = Debug|Any CPU
		{3731B333-3C85-4F32-8EE9-A07EABE20543}.Debug|Any CPU.Build.0 = Debug|Any CPU
		{3731B333-3C85-4F32-8EE9-A07EABE20543}.Debug|Any CPU.Deploy.0 = Debug|Any CPU
		{3731B333-3C85-4F32-8EE9-A07EABE20543}.Debug|iPhone.ActiveCfg = Debug|Any CPU
		{3731B333-3C85-4F32-8EE9-A07EABE20543}.Debug|iPhone.Build.0 = Debug|Any CPU
		{3731B333-3C85-4F32-8EE9-A07EABE20543}.Debug|iPhone.Deploy.0 = Debug|Any CPU
		{3731B333-3C85-4F32-8EE9-A07EABE20543}.Debug|iPhoneSimulator.ActiveCfg = Debug|Any CPU
		{3731B333-3C85-4F32-8EE9-A07EABE20543}.Debug|iPhoneSimulator.Build.0 = Debug|Any CPU
		{3731B333-3C85-4F32-8EE9-A07EABE20543}.Debug|iPhoneSimulator.Deploy.0 = Debug|Any CPU
		{3731B333-3C85-4F32-8EE9-A07EABE20543}.Release|Any CPU.ActiveCfg = Release|Any CPU
		{3731B333-3C85-4F32-8EE9-A07EABE20543}.Release|Any CPU.Build.0 = Release|Any CPU
		{3731B333-3C85-4F32-8EE9-A07EABE20543}.Release|Any CPU.Deploy.0 = Release|Any CPU
		{3731B333-3C85-4F32-8EE9-A07EABE20543}.Release|iPhone.ActiveCfg = Release|Any CPU
		{3731B333-3C85-4F32-8EE9-A07EABE20543}.Release|iPhone.Build.0 = Release|Any CPU
		{3731B333-3C85-4F32-8EE9-A07EABE20543}.Release|iPhone.Deploy.0 = Release|Any CPU
		{3731B333-3C85-4F32-8EE9-A07EABE20543}.Release|iPhoneSimulator.ActiveCfg = Release|Any CPU
		{3731B333-3C85-4F32-8EE9-A07EABE20543}.Release|iPhoneSimulator.Build.0 = Release|Any CPU
		{3731B333-3C85-4F32-8EE9-A07EABE20543}.Release|iPhoneSimulator.Deploy.0 = Release|Any CPU
		{AEE7B464-C7BB-46EC-8E0A-8F66F23B4C9D}.Ad-Hoc|Any CPU.ActiveCfg = Release|Any CPU
		{AEE7B464-C7BB-46EC-8E0A-8F66F23B4C9D}.Ad-Hoc|Any CPU.Build.0 = Release|Any CPU
		{AEE7B464-C7BB-46EC-8E0A-8F66F23B4C9D}.Ad-Hoc|iPhone.ActiveCfg = Release|Any CPU
		{AEE7B464-C7BB-46EC-8E0A-8F66F23B4C9D}.Ad-Hoc|iPhone.Build.0 = Release|Any CPU
		{AEE7B464-C7BB-46EC-8E0A-8F66F23B4C9D}.Ad-Hoc|iPhoneSimulator.ActiveCfg = Release|Any CPU
		{AEE7B464-C7BB-46EC-8E0A-8F66F23B4C9D}.Ad-Hoc|iPhoneSimulator.Build.0 = Release|Any CPU
		{AEE7B464-C7BB-46EC-8E0A-8F66F23B4C9D}.AppStore|Any CPU.ActiveCfg = Release|Any CPU
		{AEE7B464-C7BB-46EC-8E0A-8F66F23B4C9D}.AppStore|Any CPU.Build.0 = Release|Any CPU
		{AEE7B464-C7BB-46EC-8E0A-8F66F23B4C9D}.AppStore|iPhone.ActiveCfg = Release|Any CPU
		{AEE7B464-C7BB-46EC-8E0A-8F66F23B4C9D}.AppStore|iPhone.Build.0 = Release|Any CPU
		{AEE7B464-C7BB-46EC-8E0A-8F66F23B4C9D}.AppStore|iPhoneSimulator.ActiveCfg = Release|Any CPU
		{AEE7B464-C7BB-46EC-8E0A-8F66F23B4C9D}.AppStore|iPhoneSimulator.Build.0 = Release|Any CPU
		{AEE7B464-C7BB-46EC-8E0A-8F66F23B4C9D}.Debug|Any CPU.ActiveCfg = Debug|Any CPU
		{AEE7B464-C7BB-46EC-8E0A-8F66F23B4C9D}.Debug|Any CPU.Build.0 = Debug|Any CPU
		{AEE7B464-C7BB-46EC-8E0A-8F66F23B4C9D}.Debug|iPhone.ActiveCfg = Debug|Any CPU
		{AEE7B464-C7BB-46EC-8E0A-8F66F23B4C9D}.Debug|iPhone.Build.0 = Debug|Any CPU
		{AEE7B464-C7BB-46EC-8E0A-8F66F23B4C9D}.Debug|iPhoneSimulator.ActiveCfg = Debug|Any CPU
		{AEE7B464-C7BB-46EC-8E0A-8F66F23B4C9D}.Debug|iPhoneSimulator.Build.0 = Debug|Any CPU
		{AEE7B464-C7BB-46EC-8E0A-8F66F23B4C9D}.Release|Any CPU.ActiveCfg = Release|Any CPU
		{AEE7B464-C7BB-46EC-8E0A-8F66F23B4C9D}.Release|Any CPU.Build.0 = Release|Any CPU
		{AEE7B464-C7BB-46EC-8E0A-8F66F23B4C9D}.Release|iPhone.ActiveCfg = Release|Any CPU
		{AEE7B464-C7BB-46EC-8E0A-8F66F23B4C9D}.Release|iPhone.Build.0 = Release|Any CPU
		{AEE7B464-C7BB-46EC-8E0A-8F66F23B4C9D}.Release|iPhoneSimulator.ActiveCfg = Release|Any CPU
		{AEE7B464-C7BB-46EC-8E0A-8F66F23B4C9D}.Release|iPhoneSimulator.Build.0 = Release|Any CPU
		{71D23BB9-8226-4106-8F5D-7650BE69FCCF}.Ad-Hoc|Any CPU.ActiveCfg = Release|Any CPU
		{71D23BB9-8226-4106-8F5D-7650BE69FCCF}.Ad-Hoc|Any CPU.Build.0 = Release|Any CPU
		{71D23BB9-8226-4106-8F5D-7650BE69FCCF}.Ad-Hoc|iPhone.ActiveCfg = Release|Any CPU
		{71D23BB9-8226-4106-8F5D-7650BE69FCCF}.Ad-Hoc|iPhone.Build.0 = Release|Any CPU
		{71D23BB9-8226-4106-8F5D-7650BE69FCCF}.Ad-Hoc|iPhoneSimulator.ActiveCfg = Release|Any CPU
		{71D23BB9-8226-4106-8F5D-7650BE69FCCF}.Ad-Hoc|iPhoneSimulator.Build.0 = Release|Any CPU
		{71D23BB9-8226-4106-8F5D-7650BE69FCCF}.AppStore|Any CPU.ActiveCfg = Release|Any CPU
		{71D23BB9-8226-4106-8F5D-7650BE69FCCF}.AppStore|Any CPU.Build.0 = Release|Any CPU
		{71D23BB9-8226-4106-8F5D-7650BE69FCCF}.AppStore|iPhone.ActiveCfg = Release|Any CPU
		{71D23BB9-8226-4106-8F5D-7650BE69FCCF}.AppStore|iPhone.Build.0 = Release|Any CPU
		{71D23BB9-8226-4106-8F5D-7650BE69FCCF}.AppStore|iPhoneSimulator.ActiveCfg = Release|Any CPU
		{71D23BB9-8226-4106-8F5D-7650BE69FCCF}.AppStore|iPhoneSimulator.Build.0 = Release|Any CPU
		{71D23BB9-8226-4106-8F5D-7650BE69FCCF}.Debug|Any CPU.ActiveCfg = Debug|Any CPU
		{71D23BB9-8226-4106-8F5D-7650BE69FCCF}.Debug|Any CPU.Build.0 = Debug|Any CPU
		{71D23BB9-8226-4106-8F5D-7650BE69FCCF}.Debug|iPhone.ActiveCfg = Debug|Any CPU
		{71D23BB9-8226-4106-8F5D-7650BE69FCCF}.Debug|iPhone.Build.0 = Debug|Any CPU
		{71D23BB9-8226-4106-8F5D-7650BE69FCCF}.Debug|iPhoneSimulator.ActiveCfg = Debug|Any CPU
		{71D23BB9-8226-4106-8F5D-7650BE69FCCF}.Debug|iPhoneSimulator.Build.0 = Debug|Any CPU
		{71D23BB9-8226-4106-8F5D-7650BE69FCCF}.Release|Any CPU.ActiveCfg = Release|Any CPU
		{71D23BB9-8226-4106-8F5D-7650BE69FCCF}.Release|Any CPU.Build.0 = Release|Any CPU
		{71D23BB9-8226-4106-8F5D-7650BE69FCCF}.Release|iPhone.ActiveCfg = Release|Any CPU
		{71D23BB9-8226-4106-8F5D-7650BE69FCCF}.Release|iPhone.Build.0 = Release|Any CPU
		{71D23BB9-8226-4106-8F5D-7650BE69FCCF}.Release|iPhoneSimulator.ActiveCfg = Release|Any CPU
		{71D23BB9-8226-4106-8F5D-7650BE69FCCF}.Release|iPhoneSimulator.Build.0 = Release|Any CPU
		{D9A19650-F03C-460A-9F57-5B609AEFF669}.Ad-Hoc|Any CPU.ActiveCfg = Release|Any CPU
		{D9A19650-F03C-460A-9F57-5B609AEFF669}.Ad-Hoc|Any CPU.Build.0 = Release|Any CPU
		{D9A19650-F03C-460A-9F57-5B609AEFF669}.Ad-Hoc|iPhone.ActiveCfg = Release|Any CPU
		{D9A19650-F03C-460A-9F57-5B609AEFF669}.Ad-Hoc|iPhone.Build.0 = Release|Any CPU
		{D9A19650-F03C-460A-9F57-5B609AEFF669}.Ad-Hoc|iPhoneSimulator.ActiveCfg = Release|Any CPU
		{D9A19650-F03C-460A-9F57-5B609AEFF669}.Ad-Hoc|iPhoneSimulator.Build.0 = Release|Any CPU
		{D9A19650-F03C-460A-9F57-5B609AEFF669}.AppStore|Any CPU.ActiveCfg = Release|Any CPU
		{D9A19650-F03C-460A-9F57-5B609AEFF669}.AppStore|Any CPU.Build.0 = Release|Any CPU
		{D9A19650-F03C-460A-9F57-5B609AEFF669}.AppStore|iPhone.ActiveCfg = Release|Any CPU
		{D9A19650-F03C-460A-9F57-5B609AEFF669}.AppStore|iPhone.Build.0 = Release|Any CPU
		{D9A19650-F03C-460A-9F57-5B609AEFF669}.AppStore|iPhoneSimulator.ActiveCfg = Release|Any CPU
		{D9A19650-F03C-460A-9F57-5B609AEFF669}.AppStore|iPhoneSimulator.Build.0 = Release|Any CPU
		{D9A19650-F03C-460A-9F57-5B609AEFF669}.Debug|Any CPU.ActiveCfg = Debug|Any CPU
		{D9A19650-F03C-460A-9F57-5B609AEFF669}.Debug|Any CPU.Build.0 = Debug|Any CPU
		{D9A19650-F03C-460A-9F57-5B609AEFF669}.Debug|iPhone.ActiveCfg = Debug|Any CPU
		{D9A19650-F03C-460A-9F57-5B609AEFF669}.Debug|iPhone.Build.0 = Debug|Any CPU
		{D9A19650-F03C-460A-9F57-5B609AEFF669}.Debug|iPhoneSimulator.ActiveCfg = Debug|Any CPU
		{D9A19650-F03C-460A-9F57-5B609AEFF669}.Debug|iPhoneSimulator.Build.0 = Debug|Any CPU
		{D9A19650-F03C-460A-9F57-5B609AEFF669}.Release|Any CPU.ActiveCfg = Release|Any CPU
		{D9A19650-F03C-460A-9F57-5B609AEFF669}.Release|Any CPU.Build.0 = Release|Any CPU
		{D9A19650-F03C-460A-9F57-5B609AEFF669}.Release|iPhone.ActiveCfg = Release|Any CPU
		{D9A19650-F03C-460A-9F57-5B609AEFF669}.Release|iPhone.Build.0 = Release|Any CPU
		{D9A19650-F03C-460A-9F57-5B609AEFF669}.Release|iPhoneSimulator.ActiveCfg = Release|Any CPU
		{D9A19650-F03C-460A-9F57-5B609AEFF669}.Release|iPhoneSimulator.Build.0 = Release|Any CPU
		{FA31832E-FD85-460A-9967-0B0ABA73B318}.Ad-Hoc|Any CPU.ActiveCfg = Release|Any CPU
		{FA31832E-FD85-460A-9967-0B0ABA73B318}.Ad-Hoc|Any CPU.Build.0 = Release|Any CPU
		{FA31832E-FD85-460A-9967-0B0ABA73B318}.Ad-Hoc|iPhone.ActiveCfg = Release|Any CPU
		{FA31832E-FD85-460A-9967-0B0ABA73B318}.Ad-Hoc|iPhone.Build.0 = Release|Any CPU
		{FA31832E-FD85-460A-9967-0B0ABA73B318}.Ad-Hoc|iPhoneSimulator.ActiveCfg = Release|Any CPU
		{FA31832E-FD85-460A-9967-0B0ABA73B318}.Ad-Hoc|iPhoneSimulator.Build.0 = Release|Any CPU
		{FA31832E-FD85-460A-9967-0B0ABA73B318}.AppStore|Any CPU.ActiveCfg = Release|Any CPU
		{FA31832E-FD85-460A-9967-0B0ABA73B318}.AppStore|Any CPU.Build.0 = Release|Any CPU
		{FA31832E-FD85-460A-9967-0B0ABA73B318}.AppStore|iPhone.ActiveCfg = Release|Any CPU
		{FA31832E-FD85-460A-9967-0B0ABA73B318}.AppStore|iPhone.Build.0 = Release|Any CPU
		{FA31832E-FD85-460A-9967-0B0ABA73B318}.AppStore|iPhoneSimulator.ActiveCfg = Release|Any CPU
		{FA31832E-FD85-460A-9967-0B0ABA73B318}.AppStore|iPhoneSimulator.Build.0 = Release|Any CPU
		{FA31832E-FD85-460A-9967-0B0ABA73B318}.Debug|Any CPU.ActiveCfg = Debug|Any CPU
		{FA31832E-FD85-460A-9967-0B0ABA73B318}.Debug|Any CPU.Build.0 = Debug|Any CPU
		{FA31832E-FD85-460A-9967-0B0ABA73B318}.Debug|iPhone.ActiveCfg = Debug|Any CPU
		{FA31832E-FD85-460A-9967-0B0ABA73B318}.Debug|iPhone.Build.0 = Debug|Any CPU
		{FA31832E-FD85-460A-9967-0B0ABA73B318}.Debug|iPhoneSimulator.ActiveCfg = Debug|Any CPU
		{FA31832E-FD85-460A-9967-0B0ABA73B318}.Debug|iPhoneSimulator.Build.0 = Debug|Any CPU
		{FA31832E-FD85-460A-9967-0B0ABA73B318}.Release|Any CPU.ActiveCfg = Release|Any CPU
		{FA31832E-FD85-460A-9967-0B0ABA73B318}.Release|Any CPU.Build.0 = Release|Any CPU
		{FA31832E-FD85-460A-9967-0B0ABA73B318}.Release|iPhone.ActiveCfg = Release|Any CPU
		{FA31832E-FD85-460A-9967-0B0ABA73B318}.Release|iPhone.Build.0 = Release|Any CPU
		{FA31832E-FD85-460A-9967-0B0ABA73B318}.Release|iPhoneSimulator.ActiveCfg = Release|Any CPU
		{FA31832E-FD85-460A-9967-0B0ABA73B318}.Release|iPhoneSimulator.Build.0 = Release|Any CPU
	EndGlobalSection
	GlobalSection(SolutionProperties) = preSolution
		HideSolutionNode = FALSE
	EndGlobalSection
	GlobalSection(ExtensibilityGlobals) = postSolution
		SolutionGuid = {7C4EAC90-E005-4A6D-9586-A510ECD9D7ED}
	EndGlobalSection
EndGlobal
